<?xml version="1.0" encoding="utf-8"?>
<Project ToolsVersion="4.0" xmlns="http://schemas.microsoft.com/developer/msbuild/2003">
  <ItemGroup>
    <Filter Include="Sources">
      <UniqueIdentifier>{4FC737F1-C7A5-4376-A066-2A32D752A2FF}</UniqueIdentifier>
      <Extensions>cpp;c;cc;cxx;c++;cppm;ixx;def;odl;idl;hpj;bat;asm;asmx</Extensions>
    </Filter>
    <Filter Include="Sources\Global">
      <UniqueIdentifier>{3da544a6-3eda-4338-99ed-6039a1d6ba49}</UniqueIdentifier>
    </Filter>
    <Filter Include="Sources\Pch">
      <UniqueIdentifier>{8b6fdfea-0144-4be6-8355-8839b2fdcda0}</UniqueIdentifier>
    </Filter>
    <Filter Include="Sources\Thread">
      <UniqueIdentifier>{4dcc60c8-2d5e-4473-b366-08c8698e4a1f}</UniqueIdentifier>
    </Filter>
  </ItemGroup>
  <ItemGroup>
    <ClInclude Include="Sources\Socket\SocketUtility.h">
      <Filter>Sources\Global</Filter>
    </ClInclude>
    <ClInclude Include="Sources\Pch\Pch.h">
      <Filter>Sources\Pch</Filter>
    </ClInclude>
    <ClInclude Include="Sources\Thread\Tls.h">
      <Filter>Sources\Thread</Filter>
    </ClInclude>
    <ClInclude Include="Sources\Network\IocpCore.h" />
    <ClInclude Include="Sources\Network\IocpObject.h" />
    <ClInclude Include="Sources\Network\IocpEvent.h" />
    <ClInclude Include="Sources\Network\NetworkAddress.h" />
    <ClInclude Include="Sources\Network\Listener.h" />
    <ClInclude Include="Sources\Network\Session.h" />
    <ClInclude Include="Sources\Thread\ThreadPool.h" />
    <ClInclude Include="Sources\Global\Types.h" />
    <ClInclude Include="Sources\Network\Service.h" />
    <ClInclude Include="Sources\Network\ReceiveBuffer.h" />
  </ItemGroup>
  <ItemGroup>
    <ClCompile Include="Sources\Socket\SocketUtility.cpp">
      <Filter>Sources\Global</Filter>
    </ClCompile>
    <ClCompile Include="Sources\Pch\Pch.cpp">
      <Filter>Sources\Pch</Filter>
    </ClCompile>
    <ClCompile Include="Sources\Thread\Tls.cpp">
      <Filter>Sources\Thread</Filter>
    </ClCompile>
    <ClCompile Include="Sources\Network\IocpCore.cpp">
      <Filter>Sources</Filter>
    </ClCompile>
    <ClCompile Include="Sources\Network\IocpObject.cpp">
      <Filter>Sources</Filter>
    </ClCompile>
    <ClCompile Include="Sources\Network\IocpEvent.cpp">
      <Filter>Sources</Filter>
    </ClCompile>
    <ClCompile Include="Sources\Network\NetworkAddress.cpp">
      <Filter>Sources</Filter>
    </ClCompile>
    <ClCompile Include="Sources\Network\Listener.cpp">
      <Filter>Sources</Filter>
    </ClCompile>
    <ClCompile Include="Sources\Network\Session.cpp">
      <Filter>Sources</Filter>
    </ClCompile>
    <ClCompile Include="Sources\Thread\ThreadPool.cpp">
      <Filter>Sources</Filter>
    </ClCompile>
    <ClCompile Include="Sources\Network\Service.cpp">
      <Filter>Sources</Filter>
    </ClCompile>
    <ClCompile Include="Sources\Network\ReceiveBuffer.cpp">
      <Filter>Sources</Filter>
    </ClCompile>
  </ItemGroup>
</Project>